
Microsoft Visual Studio Solution File, Format Version 12.00
# Visual Studio Version 16
VisualStudioVersion = 16.0.30517.126
MinimumVisualStudioVersion = 10.0.40219.1
Project("{FAE04EC0-301F-11D3-BF4B-00C04F79EFBC}") = "FigurasGeometricas", "FigurasGeometricas.csproj", "{77FBE88D-59C4-4BF7-B15E-5D24DDD28AF6}"
EndProject
Global
	GlobalSection(SolutionConfigurationPlatforms) = preSolution
		Debug|Any CPU = Debug|Any CPU
		Release|Any CPU = Release|Any CPU
	EndGlobalSection
	GlobalSection(ProjectConfigurationPlatforms) = postSolution
		{77FBE88D-59C4-4BF7-B15E-5D24DDD28AF6}.Debug|Any CPU.ActiveCfg = Debug|Any CPU
		{77FBE88D-59C4-4BF7-B15E-5D24DDD28AF6}.Debug|Any CPU.Build.0 = Debug|Any CPU
		{77FBE88D-59C4-4BF7-B15E-5D24DDD28AF6}.Release|Any CPU.ActiveCfg = Release|Any CPU
		{77FBE88D-59C4-4BF7-B15E-5D24DDD28AF6}.Release|Any CPU.Build.0 = Release|Any CPU
	EndGlobalSection
	GlobalSection(SolutionProperties) = preSolution
		HideSolutionNode = FALSE
	EndGlobalSection
	GlobalSection(ExtensibilityGlobals) = postSolution
		SolutionGuid = {2D78FE24-7A9A-4344-9D2A-59553D677E0C}
	EndGlobalSection
EndGlobal
